
Microsoft Visual Studio Solution File, Format Version 12.00
# Visual Studio Version 16
VisualStudioVersion = 16.0.30011.22
MinimumVisualStudioVersion = 10.0.40219.1
Project("{FAE04EC0-301F-11D3-BF4B-00C04F79EFBC}") = "LapTrinhCanBan", "LapTrinhCanBan\LapTrinhCanBan.csproj", "{6B5521F2-53A7-4A7A-A02B-5525A15143EC}"
EndProject
Project("{FAE04EC0-301F-11D3-BF4B-00C04F79EFBC}") = "SuDungCauLenhIf", "SuDungCauLenhIf\SuDungCauLenhIf.csproj", "{361E771E-3AE5-4DA9-AD94-7D14DB0853D5}"
EndProject
Project("{FAE04EC0-301F-11D3-BF4B-00C04F79EFBC}") = "PhuongTrinhBac1", "PhuongTrinhBac1\PhuongTrinhBac1.csproj", "{94868176-4A5C-4A44-A7AE-3E01CA27796F}"
EndProject
Project("{FAE04EC0-301F-11D3-BF4B-00C04F79EFBC}") = "PhuongTrinhBac2", "PhuongTrinhBac2\PhuongTrinhBac2.csproj", "{1478C433-59BB-416B-A3D6-2B282243A1D9}"
EndProject
Project("{FAE04EC0-301F-11D3-BF4B-00C04F79EFBC}") = "TimSoLonNhat", "TimSoLonNhat\TimSoLonNhat.csproj", "{A9F8EFAE-1680-429B-8B4D-E6EE6223664A}"
EndProject
Project("{FAE04EC0-301F-11D3-BF4B-00C04F79EFBC}") = "TimSoNhoNhat", "TimSoNhoNhat\TimSoNhoNhat.csproj", "{30CFB0A6-FF99-4D20-B966-C54077FC1920}"
EndProject
Project("{FAE04EC0-301F-11D3-BF4B-00C04F79EFBC}") = "SuDungTryCatch", "SuDungTryCatch\SuDungTryCatch.csproj", "{84809A91-6879-4B51-9B88-C007D56DB071}"
EndProject
Project("{FAE04EC0-301F-11D3-BF4B-00C04F79EFBC}") = "XepLoaiHocSinh", "XepLoaiHocSinh\XepLoaiHocSinh.csproj", "{A926F5CE-EAF4-489D-933C-13A5F13DA32C}"
EndProject
Project("{9A19103F-16F7-4668-BE54-9A1E7A4F7556}") = "SuDungVongLapFor", "SuDungVongLapFor\SuDungVongLapFor.csproj", "{4F178708-36C5-422E-A7C7-7745305C6FD1}"
EndProject
Project("{9A19103F-16F7-4668-BE54-9A1E7A4F7556}") = "SuDungLenhWhile", "SuDungLenhWhile\SuDungLenhWhile.csproj", "{E4739C8A-3B1B-4921-9A27-D256C7573037}"
EndProject
Project("{9A19103F-16F7-4668-BE54-9A1E7A4F7556}") = "SuDungHam", "SuDungHam\SuDungHam.csproj", "{45A78D97-17A5-4BA3-9FF8-F1D310FC87B0}"
EndProject
Project("{9A19103F-16F7-4668-BE54-9A1E7A4F7556}") = "SuDungHamTiepTheo", "SuDungHamTiepTheo\SuDungHamTiepTheo.csproj", "{C5EC1C35-B1B4-4C49-A7BD-4A062BD270FE}"
EndProject
Project("{9A19103F-16F7-4668-BE54-9A1E7A4F7556}") = "SuDungStruct", "SuDungStruct\SuDungStruct.csproj", "{31B217E4-B8EB-419F-9FA7-26304FE52802}"
EndProject
Project("{9A19103F-16F7-4668-BE54-9A1E7A4F7556}") = "QuanLySinhVien", "QuanLiSinhVien\QuanLySinhVien.csproj", "{6AE52BFB-948F-4E6F-A2B5-AC5D91CD9CFB}"
EndProject
Project("{FAE04EC0-301F-11D3-BF4B-00C04F79EFBC}") = "WinForm1", "WinForm1\WinForm1.csproj", "{A333649A-D50F-4E6E-AF3B-59EEBCE66E4F}"
EndProject
Project("{FAE04EC0-301F-11D3-BF4B-00C04F79EFBC}") = "WinformDatabase", "WinformDatabase\WinformDatabase.csproj", "{844CF3C6-DBAE-4D16-9DFB-30B3810A196E}"
EndProject
Project("{FAE04EC0-301F-11D3-BF4B-00C04F79EFBC}") = "TestConnectDatabase", "TestConnectDatabase\TestConnectDatabase.csproj", "{D2DE1702-AF5D-48E3-BA35-126EF12DDEAA}"
EndProject
Project("{FAE04EC0-301F-11D3-BF4B-00C04F79EFBC}") = "SuDungLinQ", "SuDungLinQ\SuDungLinQ.csproj", "{1F810339-C1EE-4E2C-8E2D-64161A2A018E}"
EndProject
Global
	GlobalSection(SolutionConfigurationPlatforms) = preSolution
		Debug|Any CPU = Debug|Any CPU
		Release|Any CPU = Release|Any CPU
	EndGlobalSection
	GlobalSection(ProjectConfigurationPlatforms) = postSolution
		{6B5521F2-53A7-4A7A-A02B-5525A15143EC}.Debug|Any CPU.ActiveCfg = Debug|Any CPU
		{6B5521F2-53A7-4A7A-A02B-5525A15143EC}.Debug|Any CPU.Build.0 = Debug|Any CPU
		{6B5521F2-53A7-4A7A-A02B-5525A15143EC}.Release|Any CPU.ActiveCfg = Release|Any CPU
		{6B5521F2-53A7-4A7A-A02B-5525A15143EC}.Release|Any CPU.Build.0 = Release|Any CPU
		{361E771E-3AE5-4DA9-AD94-7D14DB0853D5}.Debug|Any CPU.ActiveCfg = Debug|Any CPU
		{361E771E-3AE5-4DA9-AD94-7D14DB0853D5}.Debug|Any CPU.Build.0 = Debug|Any CPU
		{361E771E-3AE5-4DA9-AD94-7D14DB0853D5}.Release|Any CPU.ActiveCfg = Release|Any CPU
		{361E771E-3AE5-4DA9-AD94-7D14DB0853D5}.Release|Any CPU.Build.0 = Release|Any CPU
		{94868176-4A5C-4A44-A7AE-3E01CA27796F}.Debug|Any CPU.ActiveCfg = Debug|Any CPU
		{94868176-4A5C-4A44-A7AE-3E01CA27796F}.Debug|Any CPU.Build.0 = Debug|Any CPU
		{94868176-4A5C-4A44-A7AE-3E01CA27796F}.Release|Any CPU.ActiveCfg = Release|Any CPU
		{94868176-4A5C-4A44-A7AE-3E01CA27796F}.Release|Any CPU.Build.0 = Release|Any CPU
		{1478C433-59BB-416B-A3D6-2B282243A1D9}.Debug|Any CPU.ActiveCfg = Debug|Any CPU
		{1478C433-59BB-416B-A3D6-2B282243A1D9}.Debug|Any CPU.Build.0 = Debug|Any CPU
		{1478C433-59BB-416B-A3D6-2B282243A1D9}.Release|Any CPU.ActiveCfg = Release|Any CPU
		{1478C433-59BB-416B-A3D6-2B282243A1D9}.Release|Any CPU.Build.0 = Release|Any CPU
		{A9F8EFAE-1680-429B-8B4D-E6EE6223664A}.Debug|Any CPU.ActiveCfg = Debug|Any CPU
		{A9F8EFAE-1680-429B-8B4D-E6EE6223664A}.Debug|Any CPU.Build.0 = Debug|Any CPU
		{A9F8EFAE-1680-429B-8B4D-E6EE6223664A}.Release|Any CPU.ActiveCfg = Release|Any CPU
		{A9F8EFAE-1680-429B-8B4D-E6EE6223664A}.Release|Any CPU.Build.0 = Release|Any CPU
		{30CFB0A6-FF99-4D20-B966-C54077FC1920}.Debug|Any CPU.ActiveCfg = Debug|Any CPU
		{30CFB0A6-FF99-4D20-B966-C54077FC1920}.Debug|Any CPU.Build.0 = Debug|Any CPU
		{30CFB0A6-FF99-4D20-B966-C54077FC1920}.Release|Any CPU.ActiveCfg = Release|Any CPU
		{30CFB0A6-FF99-4D20-B966-C54077FC1920}.Release|Any CPU.Build.0 = Release|Any CPU
		{84809A91-6879-4B51-9B88-C007D56DB071}.Debug|Any CPU.ActiveCfg = Debug|Any CPU
		{84809A91-6879-4B51-9B88-C007D56DB071}.Debug|Any CPU.Build.0 = Debug|Any CPU
		{84809A91-6879-4B51-9B88-C007D56DB071}.Release|Any CPU.ActiveCfg = Release|Any CPU
		{84809A91-6879-4B51-9B88-C007D56DB071}.Release|Any CPU.Build.0 = Release|Any CPU
		{A926F5CE-EAF4-489D-933C-13A5F13DA32C}.Debug|Any CPU.ActiveCfg = Debug|Any CPU
		{A926F5CE-EAF4-489D-933C-13A5F13DA32C}.Debug|Any CPU.Build.0 = Debug|Any CPU
		{A926F5CE-EAF4-489D-933C-13A5F13DA32C}.Release|Any CPU.ActiveCfg = Release|Any CPU
		{A926F5CE-EAF4-489D-933C-13A5F13DA32C}.Release|Any CPU.Build.0 = Release|Any CPU
		{4F178708-36C5-422E-A7C7-7745305C6FD1}.Debug|Any CPU.ActiveCfg = Debug|Any CPU
		{4F178708-36C5-422E-A7C7-7745305C6FD1}.Debug|Any CPU.Build.0 = Debug|Any CPU
		{4F178708-36C5-422E-A7C7-7745305C6FD1}.Release|Any CPU.ActiveCfg = Release|Any CPU
		{4F178708-36C5-422E-A7C7-7745305C6FD1}.Release|Any CPU.Build.0 = Release|Any CPU
		{E4739C8A-3B1B-4921-9A27-D256C7573037}.Debug|Any CPU.ActiveCfg = Debug|Any CPU
		{E4739C8A-3B1B-4921-9A27-D256C7573037}.Debug|Any CPU.Build.0 = Debug|Any CPU
		{E4739C8A-3B1B-4921-9A27-D256C7573037}.Release|Any CPU.ActiveCfg = Release|Any CPU
		{E4739C8A-3B1B-4921-9A27-D256C7573037}.Release|Any CPU.Build.0 = Release|Any CPU
		{45A78D97-17A5-4BA3-9FF8-F1D310FC87B0}.Debug|Any CPU.ActiveCfg = Debug|Any CPU
		{45A78D97-17A5-4BA3-9FF8-F1D310FC87B0}.Debug|Any CPU.Build.0 = Debug|Any CPU
		{45A78D97-17A5-4BA3-9FF8-F1D310FC87B0}.Release|Any CPU.ActiveCfg = Release|Any CPU
		{45A78D97-17A5-4BA3-9FF8-F1D310FC87B0}.Release|Any CPU.Build.0 = Release|Any CPU
		{C5EC1C35-B1B4-4C49-A7BD-4A062BD270FE}.Debug|Any CPU.ActiveCfg = Debug|Any CPU
		{C5EC1C35-B1B4-4C49-A7BD-4A062BD270FE}.Debug|Any CPU.Build.0 = Debug|Any CPU
		{C5EC1C35-B1B4-4C49-A7BD-4A062BD270FE}.Release|Any CPU.ActiveCfg = Release|Any CPU
		{C5EC1C35-B1B4-4C49-A7BD-4A062BD270FE}.Release|Any CPU.Build.0 = Release|Any CPU
		{31B217E4-B8EB-419F-9FA7-26304FE52802}.Debug|Any CPU.ActiveCfg = Debug|Any CPU
		{31B217E4-B8EB-419F-9FA7-26304FE52802}.Debug|Any CPU.Build.0 = Debug|Any CPU
		{31B217E4-B8EB-419F-9FA7-26304FE52802}.Release|Any CPU.ActiveCfg = Release|Any CPU
		{31B217E4-B8EB-419F-9FA7-26304FE52802}.Release|Any CPU.Build.0 = Release|Any CPU
		{6AE52BFB-948F-4E6F-A2B5-AC5D91CD9CFB}.Debug|Any CPU.ActiveCfg = Debug|Any CPU
		{6AE52BFB-948F-4E6F-A2B5-AC5D91CD9CFB}.Debug|Any CPU.Build.0 = Debug|Any CPU
		{6AE52BFB-948F-4E6F-A2B5-AC5D91CD9CFB}.Release|Any CPU.ActiveCfg = Release|Any CPU
		{6AE52BFB-948F-4E6F-A2B5-AC5D91CD9CFB}.Release|Any CPU.Build.0 = Release|Any CPU
		{A333649A-D50F-4E6E-AF3B-59EEBCE66E4F}.Debug|Any CPU.ActiveCfg = Debug|Any CPU
		{A333649A-D50F-4E6E-AF3B-59EEBCE66E4F}.Debug|Any CPU.Build.0 = Debug|Any CPU
		{A333649A-D50F-4E6E-AF3B-59EEBCE66E4F}.Release|Any CPU.ActiveCfg = Release|Any CPU
		{A333649A-D50F-4E6E-AF3B-59EEBCE66E4F}.Release|Any CPU.Build.0 = Release|Any CPU
		{844CF3C6-DBAE-4D16-9DFB-30B3810A196E}.Debug|Any CPU.ActiveCfg = Debug|Any CPU
		{844CF3C6-DBAE-4D16-9DFB-30B3810A196E}.Debug|Any CPU.Build.0 = Debug|Any CPU
		{844CF3C6-DBAE-4D16-9DFB-30B3810A196E}.Release|Any CPU.ActiveCfg = Release|Any CPU
		{844CF3C6-DBAE-4D16-9DFB-30B3810A196E}.Release|Any CPU.Build.0 = Release|Any CPU
		{D2DE1702-AF5D-48E3-BA35-126EF12DDEAA}.Debug|Any CPU.ActiveCfg = Debug|Any CPU
		{D2DE1702-AF5D-48E3-BA35-126EF12DDEAA}.Debug|Any CPU.Build.0 = Debug|Any CPU
		{D2DE1702-AF5D-48E3-BA35-126EF12DDEAA}.Release|Any CPU.ActiveCfg = Release|Any CPU
		{D2DE1702-AF5D-48E3-BA35-126EF12DDEAA}.Release|Any CPU.Build.0 = Release|Any CPU
		{1F810339-C1EE-4E2C-8E2D-64161A2A018E}.Debug|Any CPU.ActiveCfg = Debug|Any CPU
		{1F810339-C1EE-4E2C-8E2D-64161A2A018E}.Debug|Any CPU.Build.0 = Debug|Any CPU
		{1F810339-C1EE-4E2C-8E2D-64161A2A018E}.Release|Any CPU.ActiveCfg = Release|Any CPU
		{1F810339-C1EE-4E2C-8E2D-64161A2A018E}.Release|Any CPU.Build.0 = Release|Any CPU
	EndGlobalSection
	GlobalSection(SolutionProperties) = preSolution
		HideSolutionNode = FALSE
	EndGlobalSection
	GlobalSection(ExtensibilityGlobals) = postSolution
		SolutionGuid = {EF4CDC79-605A-4667-B46B-5C48D71C29AA}
	EndGlobalSection
EndGlobal
